
Microsoft Visual Studio Solution File, Format Version 12.00
# Visual Studio Version 17
VisualStudioVersion = 17.9.34622.214
MinimumVisualStudioVersion = 10.0.40219.1
Project("{FAE04EC0-301F-11D3-BF4B-00C04F79EFBC}") = "AspNetCoreIdentityApp.Web", "AspNetCoreIdentityApp.Web\AspNetCoreIdentityApp.Web.csproj", "{C7A35F26-A795-46A5-A4FF-D7214358F906}"
EndProject
Global
	GlobalSection(SolutionConfigurationPlatforms) = preSolution
		Debug|Any CPU = Debug|Any CPU
		Release|Any CPU = Release|Any CPU
	EndGlobalSection
	GlobalSection(ProjectConfigurationPlatforms) = postSolution
		{C7A35F26-A795-46A5-A4FF-D7214358F906}.Debug|Any CPU.ActiveCfg = Debug|Any CPU
		{C7A35F26-A795-46A5-A4FF-D7214358F906}.Debug|Any CPU.Build.0 = Debug|Any CPU
		{C7A35F26-A795-46A5-A4FF-D7214358F906}.Release|Any CPU.ActiveCfg = Release|Any CPU
		{C7A35F26-A795-46A5-A4FF-D7214358F906}.Release|Any CPU.Build.0 = Release|Any CPU
	EndGlobalSection
	GlobalSection(SolutionProperties) = preSolution
		HideSolutionNode = FALSE
	EndGlobalSection
	GlobalSection(ExtensibilityGlobals) = postSolution
		SolutionGuid = {9B83F5EB-B61E-4AE8-BC3C-25B08CA10AFD}
	EndGlobalSection
EndGlobal
